Microsoft Visual Studio Solution File, Format Version 12.00
# Visual Studio Version 17
VisualStudioVersion = 17.5.2.0
MinimumVisualStudioVersion = 10.0.40219.1
Project("{FAE04EC0-301F-11D3-BF4B-00C04F79EFBC}") = "app-ointment-backend", "app-ointment-backend.csproj", "{FCCABA3B-CDB8-1A3E-EE30-288542037B7D}"
EndProject
Global
	GlobalSection(SolutionConfigurationPlatforms) = preSolution
		Debug|Any CPU = Debug|Any CPU
		Release|Any CPU = Release|Any CPU
	EndGlobalSection
	GlobalSection(ProjectConfigurationPlatforms) = postSolution
		{FCCABA3B-CDB8-1A3E-EE30-288542037B7D}.Debug|Any CPU.ActiveCfg = Debug|Any CPU
		{FCCABA3B-CDB8-1A3E-EE30-288542037B7D}.Debug|Any CPU.Build.0 = Debug|Any CPU
		{FCCABA3B-CDB8-1A3E-EE30-288542037B7D}.Release|Any CPU.ActiveCfg = Release|Any CPU
		{FCCABA3B-CDB8-1A3E-EE30-288542037B7D}.Release|Any CPU.Build.0 = Release|Any CPU
	EndGlobalSection
	GlobalSection(SolutionProperties) = preSolution
		HideSolutionNode = FALSE
	EndGlobalSection
	GlobalSection(ExtensibilityGlobals) = postSolution
		SolutionGuid = {D9D1ED41-87F7-4E18-8EEF-028E0E9B6A83}
	EndGlobalSection
EndGlobal
